{
  "version": 4,
  "terraform_version": "1.13.1",
  "serial": 75,
  "lineage": "da4febdc-5a4f-236a-454e-f2cd839b3124",
  "outputs": {},
  "resources": [
    {
      "mode": "managed",
      "type": "proxmox_lxc",
      "name": "bastion",
      "provider": "provider[\"registry.terraform.io/telmate/proxmox\"]",
      "instances": [
        {
          "schema_version": 0,
          "attributes": {
            "arch": "amd64",
            "bwlimit": 0,
            "clone": null,
            "clone_storage": null,
            "cmode": "tty",
            "console": true,
            "cores": 1,
            "cpulimit": 50,
            "cpuunits": 1024,
            "current_node": "proxmox",
            "description": "",
            "features": [],
            "force": false,
            "full": null,
            "hagroup": "",
            "hastate": "",
            "hookscript": "",
            "hostname": "BASTION",
            "id": "proxmox/lxc/103",
            "ignore_unpack_errors": false,
            "lock": "",
            "memory": 128,
            "mountpoint": [],
            "nameserver": "",
            "network": [
              {
                "bridge": "vmbr1",
                "firewall": false,
                "gw": "",
                "gw6": "",
                "hwaddr": "BC:24:11:47:D6:99",
                "id": 0,
                "ip": "192.168.1.100/24",
                "ip6": "",
                "mtu": 0,
                "name": "eth0",
                "rate": 0,
                "tag": 0,
                "trunks": "",
                "type": "veth"
              }
            ],
            "onboot": true,
            "ostemplate": "local:vztmpl/ubuntu-22.04-standard_22.04-1_amd64.tar.zst",
            "ostype": "ubuntu",
            "password": "Container",
            "pool": null,
            "protection": false,
            "restore": false,
            "rootfs": [
              {
                "acl": false,
                "quota": false,
                "replicate": false,
                "ro": false,
                "shared": false,
                "size": "1G",
                "storage": "local-lvm",
                "volume": "local-lvm:vm-103-disk-0"
              }
            ],
            "searchdomain": "",
            "ssh_public_keys": "ssh-ed25519 AAAAC3NzaC1lZDI1NTE5AAAAILbcblSecHjRJmXa/KbHzjjtfCDrqxSCZF/h2C3H4hkP ansible@control\n",
            "start": true,
            "startup": "",
            "swap": 128,
            "tags": "",
            "target_node": "proxmox",
            "template": false,
            "timeouts": null,
            "tty": 2,
            "unique": false,
            "unprivileged": true,
            "unused": [],
            "vmid": 103
          },
          "sensitive_attributes": [
            [
              {
                "type": "get_attr",
                "value": "password"
              }
            ]
          ],
          "identity_schema_version": 0,
          "private": "eyJlMmJmYjczMC1lY2FhLTExZTYtOGY4OC0zNDM2M2JjN2M0YzAiOnsiY3JlYXRlIjoxMjAwMDAwMDAwMDAwLCJkZWZhdWx0IjoxMjAwMDAwMDAwMDAwLCJkZWxldGUiOjEyMDAwMDAwMDAwMDAsInJlYWQiOjEyMDAwMDAwMDAwMDAsInVwZGF0ZSI6MTIwMDAwMDAwMDAwMH19"
        }
      ]
    },
    {
      "mode": "managed",
      "type": "proxmox_lxc",
      "name": "non_bastion",
      "provider": "provider[\"registry.terraform.io/telmate/proxmox\"]",
      "instances": [
        {
          "schema_version": 0,
          "attributes": {
            "arch": "amd64",
            "bwlimit": 0,
            "clone": null,
            "clone_storage": null,
            "cmode": "tty",
            "console": true,
            "cores": 1,
            "cpulimit": 50,
            "cpuunits": 1024,
            "current_node": "proxmox",
            "description": "",
            "features": [],
            "force": false,
            "full": null,
            "hagroup": "",
            "hastate": "",
            "hookscript": "",
            "hostname": "NONBASTION",
            "id": "proxmox/lxc/104",
            "ignore_unpack_errors": false,
            "lock": "",
            "memory": 128,
            "mountpoint": [],
            "nameserver": "",
            "network": [
              {
                "bridge": "vmbr1",
                "firewall": false,
                "gw": "",
                "gw6": "",
                "hwaddr": "BC:24:11:2E:FB:A9",
                "id": 0,
                "ip": "dhcp",
                "ip6": "",
                "mtu": 0,
                "name": "eth0",
                "rate": 0,
                "tag": 0,
                "trunks": "",
                "type": "veth"
              }
            ],
            "onboot": true,
            "ostemplate": "local:vztmpl/ubuntu-22.04-standard_22.04-1_amd64.tar.zst",
            "ostype": "ubuntu",
            "password": "Container",
            "pool": null,
            "protection": false,
            "restore": false,
            "rootfs": [
              {
                "acl": false,
                "quota": false,
                "replicate": false,
                "ro": false,
                "shared": false,
                "size": "1G",
                "storage": "local-lvm",
                "volume": "local-lvm:vm-104-disk-0"
              }
            ],
            "searchdomain": "",
            "ssh_public_keys": "ssh-ed25519 AAAAC3NzaC1lZDI1NTE5AAAAILbcblSecHjRJmXa/KbHzjjtfCDrqxSCZF/h2C3H4hkP ansible@control\n",
            "start": true,
            "startup": "",
            "swap": 128,
            "tags": "",
            "target_node": "proxmox",
            "template": false,
            "timeouts": null,
            "tty": 2,
            "unique": false,
            "unprivileged": true,
            "unused": [],
            "vmid": 104
          },
          "sensitive_attributes": [
            [
              {
                "type": "get_attr",
                "value": "password"
              }
            ]
          ],
          "identity_schema_version": 0,
          "private": "eyJlMmJmYjczMC1lY2FhLTExZTYtOGY4OC0zNDM2M2JjN2M0YzAiOnsiY3JlYXRlIjoxMjAwMDAwMDAwMDAwLCJkZWZhdWx0IjoxMjAwMDAwMDAwMDAwLCJkZWxldGUiOjEyMDAwMDAwMDAwMDAsInJlYWQiOjEyMDAwMDAwMDAwMDAsInVwZGF0ZSI6MTIwMDAwMDAwMDAwMH19"
        }
      ]
    },
    {
      "mode": "managed",
      "type": "proxmox_lxc",
      "name": "test3",
      "provider": "provider[\"registry.terraform.io/telmate/proxmox\"]",
      "instances": [
        {
          "schema_version": 0,
          "attributes": {
            "arch": "amd64",
            "bwlimit": 0,
            "clone": null,
            "clone_storage": null,
            "cmode": "tty",
            "console": true,
            "cores": 1,
            "cpulimit": 50,
            "cpuunits": 1024,
            "current_node": "proxmox",
            "description": "",
            "features": [],
            "force": false,
            "full": null,
            "hagroup": "",
            "hastate": "",
            "hookscript": "",
            "hostname": "TEST3",
            "id": "proxmox/lxc/105",
            "ignore_unpack_errors": false,
            "lock": "",
            "memory": 128,
            "mountpoint": [],
            "nameserver": "",
            "network": [
              {
                "bridge": "vmbr1",
                "firewall": false,
                "gw": "192.168.1.1",
                "gw6": "",
                "hwaddr": "BC:24:11:68:4F:DF",
                "id": 0,
                "ip": "192.168.1.3/24",
                "ip6": "",
                "mtu": 0,
                "name": "eth0",
                "rate": 0,
                "tag": 0,
                "trunks": "",
                "type": "veth"
              }
            ],
            "onboot": true,
            "ostemplate": "local:vztmpl/ubuntu-22.04-standard_22.04-1_amd64.tar.zst",
            "ostype": "ubuntu",
            "password": "Container",
            "pool": null,
            "protection": false,
            "restore": false,
            "rootfs": [
              {
                "acl": false,
                "quota": false,
                "replicate": false,
                "ro": false,
                "shared": false,
                "size": "1G",
                "storage": "local-lvm",
                "volume": "local-lvm:vm-105-disk-0"
              }
            ],
            "searchdomain": "",
            "ssh_public_keys": "ssh-ed25519 AAAAC3NzaC1lZDI1NTE5AAAAILbcblSecHjRJmXa/KbHzjjtfCDrqxSCZF/h2C3H4hkP ansible@control\n",
            "start": true,
            "startup": "",
            "swap": 128,
            "tags": "",
            "target_node": "proxmox",
            "template": false,
            "timeouts": null,
            "tty": 2,
            "unique": false,
            "unprivileged": true,
            "unused": [],
            "vmid": 105
          },
          "sensitive_attributes": [
            [
              {
                "type": "get_attr",
                "value": "password"
              }
            ]
          ],
          "identity_schema_version": 0,
          "private": "eyJlMmJmYjczMC1lY2FhLTExZTYtOGY4OC0zNDM2M2JjN2M0YzAiOnsiY3JlYXRlIjoxMjAwMDAwMDAwMDAwLCJkZWZhdWx0IjoxMjAwMDAwMDAwMDAwLCJkZWxldGUiOjEyMDAwMDAwMDAwMDAsInJlYWQiOjEyMDAwMDAwMDAwMDAsInVwZGF0ZSI6MTIwMDAwMDAwMDAwMH19"
        }
      ]
    }
  ],
  "check_results": null
}
